
Microsoft Visual Studio Solution File, Format Version 12.00
# Visual Studio 14
VisualStudioVersion = 14.0.25420.1
MinimumVisualStudioVersion = 10.0.40219.1
Project("{FAE04EC0-301F-11D3-BF4B-00C04F79EFBC}") = "NoiseMapRestAPI", "NoiseMapRestAPI\NoiseMapRestAPI.csproj", "{6790CF8D-3E4F-46B5-8645-0D9AE1A8265C}"
EndProject
Global
	GlobalSection(SolutionConfigurationPlatforms) = preSolution
		Debug|Any CPU = Debug|Any CPU
		Release|Any CPU = Release|Any CPU
	EndGlobalSection
	GlobalSection(ProjectConfigurationPlatforms) = postSolution
		{6790CF8D-3E4F-46B5-8645-0D9AE1A8265C}.Debug|Any CPU.ActiveCfg = Debug|Any CPU
		{6790CF8D-3E4F-46B5-8645-0D9AE1A8265C}.Debug|Any CPU.Build.0 = Debug|Any CPU
		{6790CF8D-3E4F-46B5-8645-0D9AE1A8265C}.Release|Any CPU.ActiveCfg = Release|Any CPU
		{6790CF8D-3E4F-46B5-8645-0D9AE1A8265C}.Release|Any CPU.Build.0 = Release|Any CPU
	EndGlobalSection
	GlobalSection(SolutionProperties) = preSolution
		HideSolutionNode = FALSE
	EndGlobalSection
EndGlobal
